
Microsoft Visual Studio Solution File, Format Version 12.00
# Visual Studio Version 17
VisualStudioVersion = 17.12.35506.116
MinimumVisualStudioVersion = 10.0.40219.1
Project("{FAE04EC0-301F-11D3-BF4B-00C04F79EFBC}") = "ConcertBookingApp.Data", "Concert.Data\ConcertBookingApp.Data.csproj", "{34E255AA-3FF2-49D4-97E0-3FAC4588A0D9}"
EndProject
Project("{FAE04EC0-301F-11D3-BF4B-00C04F79EFBC}") = "Concert.API", "Concert.API\Concert.API.csproj", "{1C03F7C4-CFAA-4225-AAD7-C39E907B5B97}"
EndProject
Project("{FAE04EC0-301F-11D3-BF4B-00C04F79EFBC}") = "Concert.DTO", "Concert.DTO\Concert.DTO.csproj", "{3CEA2F2E-6C22-467E-8782-88606DEBB5E0}"
EndProject
Project("{FAE04EC0-301F-11D3-BF4B-00C04F79EFBC}") = "Concert.MAUI", "Concert.MAUI\Concert.MAUI.csproj", "{C65A1D28-E4A1-4DF8-8BFE-6307E0C69883}"
EndProject
Global
	GlobalSection(SolutionConfigurationPlatforms) = preSolution
		Debug|Any CPU = Debug|Any CPU
		Release|Any CPU = Release|Any CPU
	EndGlobalSection
	GlobalSection(ProjectConfigurationPlatforms) = postSolution
		{34E255AA-3FF2-49D4-97E0-3FAC4588A0D9}.Debug|Any CPU.ActiveCfg = Debug|Any CPU
		{34E255AA-3FF2-49D4-97E0-3FAC4588A0D9}.Debug|Any CPU.Build.0 = Debug|Any CPU
		{34E255AA-3FF2-49D4-97E0-3FAC4588A0D9}.Release|Any CPU.ActiveCfg = Release|Any CPU
		{34E255AA-3FF2-49D4-97E0-3FAC4588A0D9}.Release|Any CPU.Build.0 = Release|Any CPU
		{1C03F7C4-CFAA-4225-AAD7-C39E907B5B97}.Debug|Any CPU.ActiveCfg = Debug|Any CPU
		{1C03F7C4-CFAA-4225-AAD7-C39E907B5B97}.Debug|Any CPU.Build.0 = Debug|Any CPU
		{1C03F7C4-CFAA-4225-AAD7-C39E907B5B97}.Release|Any CPU.ActiveCfg = Release|Any CPU
		{1C03F7C4-CFAA-4225-AAD7-C39E907B5B97}.Release|Any CPU.Build.0 = Release|Any CPU
		{3CEA2F2E-6C22-467E-8782-88606DEBB5E0}.Debug|Any CPU.ActiveCfg = Debug|Any CPU
		{3CEA2F2E-6C22-467E-8782-88606DEBB5E0}.Debug|Any CPU.Build.0 = Debug|Any CPU
		{3CEA2F2E-6C22-467E-8782-88606DEBB5E0}.Release|Any CPU.ActiveCfg = Release|Any CPU
		{3CEA2F2E-6C22-467E-8782-88606DEBB5E0}.Release|Any CPU.Build.0 = Release|Any CPU
		{C65A1D28-E4A1-4DF8-8BFE-6307E0C69883}.Debug|Any CPU.ActiveCfg = Debug|Any CPU
		{C65A1D28-E4A1-4DF8-8BFE-6307E0C69883}.Debug|Any CPU.Build.0 = Debug|Any CPU
		{C65A1D28-E4A1-4DF8-8BFE-6307E0C69883}.Debug|Any CPU.Deploy.0 = Debug|Any CPU
		{C65A1D28-E4A1-4DF8-8BFE-6307E0C69883}.Release|Any CPU.ActiveCfg = Release|Any CPU
		{C65A1D28-E4A1-4DF8-8BFE-6307E0C69883}.Release|Any CPU.Build.0 = Release|Any CPU
	EndGlobalSection
	GlobalSection(SolutionProperties) = preSolution
		HideSolutionNode = FALSE
	EndGlobalSection
EndGlobal
